PODS:
  - AFNetworking (4.0.1):
    - AFNetworking/NSURLSession (= 4.0.1)
    - AFNetworking/Reachability (= 4.0.1)
    - AFNetworking/Security (= 4.0.1)
    - AFNetworking/Serialization (= 4.0.1)
    - AFNetworking/UIKit (= 4.0.1)
  - AFNetworking/NSURLSession (4.0.1):
    - AFNetworking/Reachability
    - AFNetworking/Security
    - AFNetworking/Serialization
  - AFNetworking/Reachability (4.0.1)
  - AFNetworking/Security (4.0.1)
  - AFNetworking/Serialization (4.0.1)
  - AFNetworking/UIKit (4.0.1):
    - AFNetworking/NSURLSession
  - BRPickerView (2.7.6):
    - BRPickerView/AddressPickerView (= 2.7.6)
    - BRPickerView/Base (= 2.7.6)
    - BRPickerView/DatePickerView (= 2.7.6)
    - BRPickerView/StringPickerView (= 2.7.6)
  - BRPickerView/AddressPickerView (2.7.6):
    - BRPickerView/Base
  - BRPickerView/Base (2.7.6)
  - BRPickerView/DatePickerView (2.7.6):
    - BRPickerView/Base
  - BRPickerView/StringPickerView (2.7.6):
    - BRPickerView/Base
  - GKNavigationBar (1.6.1):
    - GKNavigationBar/GestureHandle (= 1.6.1)
    - GKNavigationBar/NavigationBar (= 1.6.1)
  - GKNavigationBar/GestureHandle (1.6.1)
  - GKNavigationBar/NavigationBar (1.6.1)
  - GKPhotoBrowser (2.3.3):
    - GKPhotoBrowser/SD (= 2.3.3)
  - GKPhotoBrowser/Core (2.3.3)
  - GKPhotoBrowser/SD (2.3.3):
    - GKPhotoBrowser/Core
    - SDWebImage (~> 5.0)
  - IJKMediaFramework (0.1.5)
  - JobsGlobleDef (1.0.8):
    - JobsGlobleDef/MacroDef (= 1.0.8)
    - JobsGlobleDef/NotificationManager (= 1.0.8)
    - JobsGlobleDef/OtherGlobleDef (= 1.0.8)
  - JobsGlobleDef/MacroDef (1.0.8):
    - JobsGlobleDef/MacroDef/MacroDef_App (= 1.0.8)
    - JobsGlobleDef/MacroDef/MacroDef_Cor (= 1.0.8)
    - JobsGlobleDef/MacroDef/MacroDef_Func (= 1.0.8)
    - JobsGlobleDef/MacroDef/MacroDef_Size (= 1.0.8)
    - JobsGlobleDef/MacroDef/MacroDef_Sys (= 1.0.8)
  - JobsGlobleDef/MacroDef/MacroDef_App (1.0.8)
  - JobsGlobleDef/MacroDef/MacroDef_Cor (1.0.8)
  - JobsGlobleDef/MacroDef/MacroDef_Func (1.0.8)
  - JobsGlobleDef/MacroDef/MacroDef_Size (1.0.8):
    - JobsGlobleDef/MacroDef/MacroDef_Size/AppleProductsScreenSize (= 1.0.8)
  - JobsGlobleDef/MacroDef/MacroDef_Size/AppleProductsScreenSize (1.0.8)
  - JobsGlobleDef/MacroDef/MacroDef_Sys (1.0.8)
  - JobsGlobleDef/NotificationManager (1.0.8)
  - JobsGlobleDef/OtherGlobleDef (1.0.8)
  - JPImageresizerView (1.9.4)
  - JXCategoryView (1.5.9)
  - JXPagingView/Pager (2.1.1)
  - LookinServer (1.0.4)
  - lottie-ios (2.5.3)
  - LYEmptyView (1.3.1)
  - Masonry (1.1.0)
  - MJExtension (3.4.0)
  - MJRefresh (3.7.2)
  - NTESVerifyCode (3.3.5)
  - Reachability (3.2)
  - ReactiveObjC (3.1.1)
  - SDWebImage (5.12.1):
    - SDWebImage/Core (= 5.12.1)
  - SDWebImage/Core (5.12.1)
  - SPAlertController (4.0.0)
  - TABAnimated (2.6.3)
  - TXFileOperation (1.0)
  - WHToast (0.0.7)
  - XYColorOC (1.1.1)
  - YYImage (1.0.4):
    - YYImage/Core (= 1.0.4)
  - YYImage/Core (1.0.4)
  - ZFPlayer (4.0.3):
    - ZFPlayer/Core (= 4.0.3)
  - ZFPlayer/AVPlayer (4.0.3):
    - ZFPlayer/Core
  - ZFPlayer/ControlView (4.0.3):
    - ZFPlayer/Core
  - ZFPlayer/Core (4.0.3)
  - ZFPlayer/ijkplayer (4.0.3):
    - IJKMediaFramework
    - ZFPlayer/Core
  - ZLCollectionViewFlowLayout (1.4.5)

DEPENDENCIES:
  - AFNetworking
  - BRPickerView
  - GKNavigationBar
  - GKPhotoBrowser
  - JobsGlobleDef
  - JPImageresizerView
  - JXCategoryView
  - JXPagingView/Pager
  - LookinServer
  - lottie-ios (~> 2.5.3)
  - LYEmptyView
  - Masonry
  - MJExtension
  - MJRefresh
  - NTESVerifyCode
  - Reachability
  - ReactiveObjC
  - SDWebImage
  - SPAlertController
  - TABAnimated
  - TXFileOperation
  - WHToast
  - XYColorOC
  - YYImage
  - ZFPlayer
  - ZFPlayer/AVPlayer
  - ZFPlayer/ControlView
  - ZFPlayer/ijkplayer
  - ZLCollectionViewFlowLayout

SPEC REPOS:
  trunk:
    - AFNetworking
    - BRPickerView
    - GKNavigationBar
    - GKPhotoBrowser
    - IJKMediaFramework
    - JobsGlobleDef
    - JPImageresizerView
    - JXCategoryView
    - JXPagingView
    - LookinServer
    - lottie-ios
    - LYEmptyView
    - Masonry
    - MJExtension
    - MJRefresh
    - NTESVerifyCode
    - Reachability
    - ReactiveObjC
    - SDWebImage
    - SPAlertController
    - TABAnimated
    - TXFileOperation
    - WHToast
    - XYColorOC
    - YYImage
    - ZFPlayer
    - ZLCollectionViewFlowLayout

SPEC CHECKSUMS:
  AFNetworking: 7864c38297c79aaca1500c33288e429c3451fdce
  BRPickerView: 2a1620caf218e37a3aca9626732719a419928b15
  GKNavigationBar: 4b63ee7d9337d3c1b5057fa324730a083c828fda
  GKPhotoBrowser: 2a79b890aada4c8e443d458f564f412bf7058dc3
  IJKMediaFramework: f1119f6324c96bc4654f3045a5beaa95ba0596c0
  JobsGlobleDef: ffa1213c6f5826a6e0308f9285b0843ddd3eaab6
  JPImageresizerView: 6d8ddd0569f15be391e619da82d40af31266b34c
  JXCategoryView: 2ef9ecfd3735158d009ce02d1f29811aa822da65
  JXPagingView: 99140c6f7f64abec35bc2dfc87c17ca049cafe76
  LookinServer: 743c1681771d0a8dcc38825325a080c3186404a5
  lottie-ios: a50d5c0160425cd4b01b852bb9578963e6d92d31
  LYEmptyView: b6d418cfa38b78df0cf243f9a9c25ccbdc399922
  Masonry: 678fab65091a9290e40e2832a55e7ab731aad201
  MJExtension: 6c15c7b93398447252c0defdb8d69d02d218a41e
  MJRefresh: 30997d30b347c8e9508a4db11e3a690da0c9b85a
  NTESVerifyCode: df371c6a0e5ab48244843277d2f6fcf52e5c1b1c
  Reachability: 33e18b67625424e47b6cde6d202dce689ad7af96
  ReactiveObjC: 011caa393aa0383245f2dcf9bf02e86b80b36040
  SDWebImage: 4dc3e42d9ec0c1028b960a33ac6b637bb432207b
  SPAlertController: b245d7a5e17d612da051f2612aca3703f21d108f
  TABAnimated: 2503f43b82bfeaf4e78c4922630284a46d8108f5
  TXFileOperation: 99bc7e3763678fdea8e8c407e2b87fb18038385f
  WHToast: 11a17a3f09f5f733e32bd6f3338919a448cbb719
  XYColorOC: f80477e6a16aa8ca452ddc004606bbb4636efa03
  YYImage: 1e1b62a9997399593e4b9c4ecfbbabbf1d3f3b54
  ZFPlayer: 624c92de06eb34df322c3b53b4c9ce760f528f7a
  ZLCollectionViewFlowLayout: 134dbc8ccd32e298e742ee8ab0bc949f1fd2396f

PODFILE CHECKSUM: 16c096760e5d00357b948268d990aa730ea6a300

COCOAPODS: 1.11.2
