PODS:
  - AFNetworking (4.0.1):
    - AFNetworking/NSURLSession (= 4.0.1)
    - AFNetworking/Reachability (= 4.0.1)
    - AFNetworking/Security (= 4.0.1)
    - AFNetworking/Serialization (= 4.0.1)
    - AFNetworking/UIKit (= 4.0.1)
  - AFNetworking/NSURLSession (4.0.1):
    - AFNetworking/Reachability
    - AFNetworking/Security
    - AFNetworking/Serialization
  - AFNetworking/Reachability (4.0.1)
  - AFNetworking/Security (4.0.1)
  - AFNetworking/Serialization (4.0.1)
  - AFNetworking/UIKit (4.0.1):
    - AFNetworking/NSURLSession
  - BRPickerView (2.7.3):
    - BRPickerView/AddressPickerView (= 2.7.3)
    - BRPickerView/Base (= 2.7.3)
    - BRPickerView/DatePickerView (= 2.7.3)
    - BRPickerView/StringPickerView (= 2.7.3)
  - BRPickerView/AddressPickerView (2.7.3):
    - BRPickerView/Base
  - BRPickerView/Base (2.7.3)
  - BRPickerView/DatePickerView (2.7.3):
    - BRPickerView/Base
  - BRPickerView/StringPickerView (2.7.3):
    - BRPickerView/Base
  - GKNavigationBar (1.5.9):
    - GKNavigationBar/GestureHandle (= 1.5.9)
    - GKNavigationBar/NavigationBar (= 1.5.9)
  - GKNavigationBar/GestureHandle (1.5.9)
  - GKNavigationBar/NavigationBar (1.5.9)
  - GKPhotoBrowser (2.3.1):
    - GKPhotoBrowser/SD (= 2.3.1)
  - GKPhotoBrowser/Core (2.3.1)
  - GKPhotoBrowser/SD (2.3.1):
    - GKPhotoBrowser/Core
    - SDWebImage (~> 5.0)
  - IJKMediaFramework (0.1.5)
  - JobsGlobleDef (1.0.0)
  - JPImageresizerView (1.9.3)
  - JXCategoryView (1.5.9)
  - JXPagingView/Pager (2.1.0)
  - lottie-ios (2.5.3)
  - LYEmptyView (1.3.1)
  - Masonry (1.1.0)
  - MJExtension (3.3.0)
  - MJRefresh (3.7.2)
  - Reachability (3.2)
  - ReactiveObjC (3.1.1)
  - SDWebImage (5.11.1):
    - SDWebImage/Core (= 5.11.1)
  - SDWebImage/Core (5.11.1)
  - SPAlertController (4.0.0)
  - TABAnimated (2.5.9)
  - TXFileOperation (1.0)
  - WHToast (0.0.8)
  - YYImage (1.0.4):
    - YYImage/Core (= 1.0.4)
  - YYImage/Core (1.0.4)
  - ZFPlayer (4.0.1):
    - ZFPlayer/Core (= 4.0.1)
  - ZFPlayer/AVPlayer (4.0.1):
    - ZFPlayer/Core
  - ZFPlayer/ControlView (4.0.1):
    - ZFPlayer/Core
  - ZFPlayer/Core (4.0.1)
  - ZFPlayer/ijkplayer (4.0.1):
    - IJKMediaFramework
    - ZFPlayer/Core
  - ZLCollectionViewFlowLayout (1.4.5)

DEPENDENCIES:
  - AFNetworking
  - BRPickerView
  - GKNavigationBar
  - GKPhotoBrowser
  - JobsGlobleDef
  - JPImageresizerView
  - JXCategoryView
  - JXPagingView/Pager
  - lottie-ios (~> 2.5.3)
  - LYEmptyView
  - Masonry
  - MJExtension
  - MJRefresh
  - Reachability
  - ReactiveObjC
  - SDWebImage
  - SPAlertController
  - TABAnimated
  - TXFileOperation
  - WHToast
  - YYImage
  - ZFPlayer
  - ZFPlayer/AVPlayer
  - ZFPlayer/ControlView
  - ZFPlayer/ijkplayer
  - ZLCollectionViewFlowLayout

SPEC REPOS:
  https://github.com/CocoaPods/Specs.git:
    - AFNetworking
    - BRPickerView
    - GKNavigationBar
    - GKPhotoBrowser
    - IJKMediaFramework
    - JobsGlobleDef
    - JPImageresizerView
    - JXCategoryView
    - JXPagingView
    - lottie-ios
    - LYEmptyView
    - Masonry
    - MJExtension
    - MJRefresh
    - Reachability
    - ReactiveObjC
    - SDWebImage
    - SPAlertController
    - TABAnimated
    - TXFileOperation
    - WHToast
    - YYImage
    - ZFPlayer
    - ZLCollectionViewFlowLayout

SPEC CHECKSUMS:
  AFNetworking: 7864c38297c79aaca1500c33288e429c3451fdce
  BRPickerView: 9cc11880ac79c4872d081ccb88f306224c1501d7
  GKNavigationBar: 9947fa55e2f1d803c9a0d5bb16473e2d66102b6c
  GKPhotoBrowser: 3b87e4370b1e7bf83af5e6977d6d5db2be650eef
  IJKMediaFramework: f1119f6324c96bc4654f3045a5beaa95ba0596c0
  JobsGlobleDef: 46a851206c10dc3baaf248d6f283aac4dc7fb186
  JPImageresizerView: cc5d6d4357ad9b45f9321ecb58769bcc66b43e46
  JXCategoryView: 2ef9ecfd3735158d009ce02d1f29811aa822da65
  JXPagingView: ef48a5a2392252c68db7999de38f4761a2707e2a
  lottie-ios: a50d5c0160425cd4b01b852bb9578963e6d92d31
  LYEmptyView: b6d418cfa38b78df0cf243f9a9c25ccbdc399922
  Masonry: 678fab65091a9290e40e2832a55e7ab731aad201
  MJExtension: 01704cca2b60a214c10761b6491eab74069d68a9
  MJRefresh: 30997d30b347c8e9508a4db11e3a690da0c9b85a
  Reachability: 33e18b67625424e47b6cde6d202dce689ad7af96
  ReactiveObjC: 011caa393aa0383245f2dcf9bf02e86b80b36040
  SDWebImage: a7f831e1a65eb5e285e3fb046a23fcfbf08e696d
  SPAlertController: b245d7a5e17d612da051f2612aca3703f21d108f
  TABAnimated: 8d077a20de46de0c7744c665cd56aae28c49d397
  TXFileOperation: 99bc7e3763678fdea8e8c407e2b87fb18038385f
  WHToast: 5da5bb80bdd1fea9455d4215577d9c5be2c506b8
  YYImage: 1e1b62a9997399593e4b9c4ecfbbabbf1d3f3b54
  ZFPlayer: f88787c815f7b0801279c42f131a89e2823e669e
  ZLCollectionViewFlowLayout: 134dbc8ccd32e298e742ee8ab0bc949f1fd2396f

PODFILE CHECKSUM: 750eca460d5296ba4f3d83b8c0a47e38f3d29e2b

COCOAPODS: 1.10.2
