// !$*UTF8*$!
{
	archiveVersion = 1;
	classes = {
	};
	objectVersion = 50;
	objects = {

/* Begin PBXBuildFile section */
		006E54CC12371794E0D702B0 /* Pods_JobsBitsMonitorUITests.framework in Frameworks */ = {isa = PBXBuildFile; fileRef = E562DDF25E315D524C10B021 /* Pods_JobsBitsMonitorUITests.framework */; };
		23D5911146136DFDFF334F40 /* Pods_JobsBitsMonitorTests.framework in Frameworks */ = {isa = PBXBuildFile; fileRef = FD0F4B7A97B8FDF12A9E5AAE /* Pods_JobsBitsMonitorTests.framework */; };
		867AA81B6F03DB6B94895E65 /* Pods_JobsBitsMonitor.framework in Frameworks */ = {isa = PBXBuildFile; fileRef = ACFB81FD23AE4508742DD2FF /* Pods_JobsBitsMonitor.framework */; };
		C590AA452585C547008A17D9 /* AppDelegate.m in Sources */ = {isa = PBXBuildFile; fileRef = C590AA442585C547008A17D9 /* AppDelegate.m */; };
		C590AA482585C547008A17D9 /* SceneDelegate.m in Sources */ = {isa = PBXBuildFile; fileRef = C590AA472585C547008A17D9 /* SceneDelegate.m */; };
		C590AA4B2585C547008A17D9 /* ViewController.m in Sources */ = {isa = PBXBuildFile; fileRef = C590AA4A2585C547008A17D9 /* ViewController.m */; };
		C590AA4E2585C547008A17D9 /* Main.storyboard in Resources */ = {isa = PBXBuildFile; fileRef = C590AA4C2585C547008A17D9 /* Main.storyboard */; };
		C590AA512585C547008A17D9 /* JobsBitsMonitor.xcdatamodeld in Sources */ = {isa = PBXBuildFile; fileRef = C590AA4F2585C547008A17D9 /* JobsBitsMonitor.xcdatamodeld */; };
		C590AA532585C548008A17D9 /* Assets.xcassets in Resources */ = {isa = PBXBuildFile; fileRef = C590AA522585C548008A17D9 /* Assets.xcassets */; };
		C590AA562585C548008A17D9 /* LaunchScreen.storyboard in Resources */ = {isa = PBXBuildFile; fileRef = C590AA542585C548008A17D9 /* LaunchScreen.storyboard */; };
		C590AA592585C548008A17D9 /* main.m in Sources */ = {isa = PBXBuildFile; fileRef = C590AA582585C548008A17D9 /* main.m */; };
		C590AA632585C548008A17D9 /* JobsBitsMonitorTests.m in Sources */ = {isa = PBXBuildFile; fileRef = C590AA622585C548008A17D9 /* JobsBitsMonitorTests.m */; };
		C590AA6E2585C548008A17D9 /* JobsBitsMonitorUITests.m in Sources */ = {isa = PBXBuildFile; fileRef = C590AA6D2585C548008A17D9 /* JobsBitsMonitorUITests.m */; };
		C595BA9325864011002A4531 /* UIView+SuspendView.m in Sources */ = {isa = PBXBuildFile; fileRef = C595BA7F25864011002A4531 /* UIView+SuspendView.m */; };
		C595BA9425864011002A4531 /* UIView+ZFPlayer.m in Sources */ = {isa = PBXBuildFile; fileRef = C595BA8325864011002A4531 /* UIView+ZFPlayer.m */; };
		C595BA9525864011002A4531 /* UIView+Measure.m in Sources */ = {isa = PBXBuildFile; fileRef = C595BA8525864011002A4531 /* UIView+Measure.m */; };
		C595BA9625864011002A4531 /* UIView+Gradient.m in Sources */ = {isa = PBXBuildFile; fileRef = C595BA8925864011002A4531 /* UIView+Gradient.m */; };
		C595BA9725864011002A4531 /* UIView+Chain.m in Sources */ = {isa = PBXBuildFile; fileRef = C595BA8B25864011002A4531 /* UIView+Chain.m */; };
		C595BA9825864011002A4531 /* UIView+Animation.m in Sources */ = {isa = PBXBuildFile; fileRef = C595BA8E25864011002A4531 /* UIView+Animation.m */; };
		C595BA9925864011002A4531 /* UIView+Extras.m in Sources */ = {isa = PBXBuildFile; fileRef = C595BA9225864011002A4531 /* UIView+Extras.m */; };
		C595CB08258645F0002A4531 /* CustomZFPlayerControlView.m in Sources */ = {isa = PBXBuildFile; fileRef = C595CB04258645F0002A4531 /* CustomZFPlayerControlView.m */; };
		C595CB09258645F0002A4531 /* ZFCustomControlView.m in Sources */ = {isa = PBXBuildFile; fileRef = C595CB07258645F0002A4531 /* ZFCustomControlView.m */; };
		C595CB102586460F002A4531 /* NotificationManager.m in Sources */ = {isa = PBXBuildFile; fileRef = C595CB0F2586460F002A4531 /* NotificationManager.m */; };
		C595CE232586475C002A4531 /* JobsBitsMonitorSuspendLab.m in Sources */ = {isa = PBXBuildFile; fileRef = C595CE222586475C002A4531 /* JobsBitsMonitorSuspendLab.m */; };
		C59A3C6D2586390600D9D228 /* SuspendBtn.m in Sources */ = {isa = PBXBuildFile; fileRef = C59A3C652586390600D9D228 /* SuspendBtn.m */; };
		C59A3C6E2586390700D9D228 /* SuspendLab.m in Sources */ = {isa = PBXBuildFile; fileRef = C59A3C692586390600D9D228 /* SuspendLab.m */; };
		C59A3C6F2586390700D9D228 /* SuspendView.m in Sources */ = {isa = PBXBuildFile; fileRef = C59A3C6B2586390600D9D228 /* SuspendView.m */; };
		C5D1BDB8258B1ED100784D2F /* UIView+EmptyData.m in Sources */ = {isa = PBXBuildFile; fileRef = C5D1BDB6258B1ED100784D2F /* UIView+EmptyData.m */; };
		C5D6C1A92585D2AA00029AFF /* JobsBitsMonitorCore.m in Sources */ = {isa = PBXBuildFile; fileRef = C5D6C1A82585D2AA00029AFF /* JobsBitsMonitorCore.m */; };
		C5D6C2B12585D4C700029AFF /* NSTimerManager.m in Sources */ = {isa = PBXBuildFile; fileRef = C5D6C2A62585D4C700029AFF /* NSTimerManager.m */; };
		C5D6C2B22585D4C700029AFF /* GCD_TimerManager.m in Sources */ = {isa = PBXBuildFile; fileRef = C5D6C2A82585D4C700029AFF /* GCD_TimerManager.m */; };
		C5D6C2B32585D4C700029AFF /* Nanosecond_TimerManager.m in Sources */ = {isa = PBXBuildFile; fileRef = C5D6C2AC2585D4C700029AFF /* Nanosecond_TimerManager.m */; };
		C5D6C2B42585D4C700029AFF /* CADisplayLink_TimerManager.m in Sources */ = {isa = PBXBuildFile; fileRef = C5D6C2AF2585D4C700029AFF /* CADisplayLink_TimerManager.m */; };
		C5D6D7472586024C00029AFF /* NSString+Extras.m in Sources */ = {isa = PBXBuildFile; fileRef = C5D6D7452586024C00029AFF /* NSString+Extras.m */; };
		C5D6D757258602D200029AFF /* TimeModel.m in Sources */ = {isa = PBXBuildFile; fileRef = C5D6D752258602D200029AFF /* TimeModel.m */; };
		C5D6D758258602D200029AFF /* NSObject+Time.m in Sources */ = {isa = PBXBuildFile; fileRef = C5D6D756258602D200029AFF /* NSObject+Time.m */; };
/* End PBXBuildFile section */

/* Begin PBXContainerItemProxy section */
		C590AA5F2585C548008A17D9 /* PBXContainerItemProxy */ = {
			isa = PBXContainerItemProxy;
			containerPortal = C590AA382585C547008A17D9 /* Project object */;
			proxyType = 1;
			remoteGlobalIDString = C590AA3F2585C547008A17D9;
			remoteInfo = JobsBitsMonitor;
		};
		C590AA6A2585C548008A17D9 /* PBXContainerItemProxy */ = {
			isa = PBXContainerItemProxy;
			containerPortal = C590AA382585C547008A17D9 /* Project object */;
			proxyType = 1;
			remoteGlobalIDString = C590AA3F2585C547008A17D9;
			remoteInfo = JobsBitsMonitor;
		};
/* End PBXContainerItemProxy section */

/* Begin PBXFileReference section */
		01915E04C894D128C1D0B94F /* Pods-JobsBitsMonitorUITests.release.xcconfig */ = {isa = PBXFileReference; includeInIndex = 1; lastKnownFileType = text.xcconfig; name = "Pods-JobsBitsMonitorUITests.release.xcconfig"; path = "Target Support Files/Pods-JobsBitsMonitorUITests/Pods-JobsBitsMonitorUITests.release.xcconfig"; sourceTree = "<group>"; };
		09B47DC474E32ABB5E27CFB7 /* Pods-JobsBitsMonitorUITests.debug.xcconfig */ = {isa = PBXFileReference; includeInIndex = 1; lastKnownFileType = text.xcconfig; name = "Pods-JobsBitsMonitorUITests.debug.xcconfig"; path = "Target Support Files/Pods-JobsBitsMonitorUITests/Pods-JobsBitsMonitorUITests.debug.xcconfig"; sourceTree = "<group>"; };
		523E17B989D65E34027BCD3F /* Pods-JobsBitsMonitor.release.xcconfig */ = {isa = PBXFileReference; includeInIndex = 1; lastKnownFileType = text.xcconfig; name = "Pods-JobsBitsMonitor.release.xcconfig"; path = "Target Support Files/Pods-JobsBitsMonitor/Pods-JobsBitsMonitor.release.xcconfig"; sourceTree = "<group>"; };
		ACFB81FD23AE4508742DD2FF /* Pods_JobsBitsMonitor.framework */ = {isa = PBXFileReference; explicitFileType = wrapper.framework; includeInIndex = 0; path = Pods_JobsBitsMonitor.framework; sourceTree = BUILT_PRODUCTS_DIR; };
		C3638E0346A1F1904B51DFB9 /* Pods-JobsBitsMonitorTests.release.xcconfig */ = {isa = PBXFileReference; includeInIndex = 1; lastKnownFileType = text.xcconfig; name = "Pods-JobsBitsMonitorTests.release.xcconfig"; path = "Target Support Files/Pods-JobsBitsMonitorTests/Pods-JobsBitsMonitorTests.release.xcconfig"; sourceTree = "<group>"; };
		C54AEBC825871D1F001A4630 /* JobsBitsMonitor.h */ = {isa = PBXFileReference; fileEncoding = 4; lastKnownFileType = sourcecode.c.h; path = JobsBitsMonitor.h; sourceTree = "<group>"; };
		C54AEBDC258723EB001A4630 /* README.md */ = {isa = PBXFileReference; lastKnownFileType = net.daringfireball.markdown; path = README.md; sourceTree = "<group>"; };
		C5580393258A44BB0078DB8F /* PodsManual.h */ = {isa = PBXFileReference; lastKnownFileType = sourcecode.c.h; path = PodsManual.h; sourceTree = "<group>"; };
		C558F7F0258A385F0078DB8F /* JobsBitsMonitor-Bridging-Header.h */ = {isa = PBXFileReference; lastKnownFileType = sourcecode.c.h; path = "JobsBitsMonitor-Bridging-Header.h"; sourceTree = "<group>"; };
		C590AA402585C547008A17D9 /* JobsBitsMonitor.app */ = {isa = PBXFileReference; explicitFileType = wrapper.application; includeInIndex = 0; path = JobsBitsMonitor.app; sourceTree = BUILT_PRODUCTS_DIR; };
		C590AA432585C547008A17D9 /* AppDelegate.h */ = {isa = PBXFileReference; lastKnownFileType = sourcecode.c.h; path = AppDelegate.h; sourceTree = "<group>"; };
		C590AA442585C547008A17D9 /* AppDelegate.m */ = {isa = PBXFileReference; lastKnownFileType = sourcecode.c.objc; path = AppDelegate.m; sourceTree = "<group>"; };
		C590AA462585C547008A17D9 /* SceneDelegate.h */ = {isa = PBXFileReference; lastKnownFileType = sourcecode.c.h; path = SceneDelegate.h; sourceTree = "<group>"; };
		C590AA472585C547008A17D9 /* SceneDelegate.m */ = {isa = PBXFileReference; lastKnownFileType = sourcecode.c.objc; path = SceneDelegate.m; sourceTree = "<group>"; };
		C590AA492585C547008A17D9 /* ViewController.h */ = {isa = PBXFileReference; lastKnownFileType = sourcecode.c.h; path = ViewController.h; sourceTree = "<group>"; };
		C590AA4A2585C547008A17D9 /* ViewController.m */ = {isa = PBXFileReference; lastKnownFileType = sourcecode.c.objc; path = ViewController.m; sourceTree = "<group>"; };
		C590AA4D2585C547008A17D9 /* Base */ = {isa = PBXFileReference; lastKnownFileType = file.storyboard; name = Base; path = Base.lproj/Main.storyboard; sourceTree = "<group>"; };
		C590AA502585C547008A17D9 /* JobsBitsMonitor.xcdatamodel */ = {isa = PBXFileReference; lastKnownFileType = wrapper.xcdatamodel; path = JobsBitsMonitor.xcdatamodel; sourceTree = "<group>"; };
		C590AA522585C548008A17D9 /* Assets.xcassets */ = {isa = PBXFileReference; lastKnownFileType = folder.assetcatalog; path = Assets.xcassets; sourceTree = "<group>"; };
		C590AA552585C548008A17D9 /* Base */ = {isa = PBXFileReference; lastKnownFileType = file.storyboard; name = Base; path = Base.lproj/LaunchScreen.storyboard; sourceTree = "<group>"; };
		C590AA572585C548008A17D9 /* Info.plist */ = {isa = PBXFileReference; lastKnownFileType = text.plist.xml; path = Info.plist; sourceTree = "<group>"; };
		C590AA582585C548008A17D9 /* main.m */ = {isa = PBXFileReference; lastKnownFileType = sourcecode.c.objc; path = main.m; sourceTree = "<group>"; };
		C590AA5E2585C548008A17D9 /* JobsBitsMonitorTests.xctest */ = {isa = PBXFileReference; explicitFileType = wrapper.cfbundle; includeInIndex = 0; path = JobsBitsMonitorTests.xctest; sourceTree = BUILT_PRODUCTS_DIR; };
		C590AA622585C548008A17D9 /* JobsBitsMonitorTests.m */ = {isa = PBXFileReference; lastKnownFileType = sourcecode.c.objc; path = JobsBitsMonitorTests.m; sourceTree = "<group>"; };
		C590AA642585C548008A17D9 /* Info.plist */ = {isa = PBXFileReference; lastKnownFileType = text.plist.xml; path = Info.plist; sourceTree = "<group>"; };
		C590AA692585C548008A17D9 /* JobsBitsMonitorUITests.xctest */ = {isa = PBXFileReference; explicitFileType = wrapper.cfbundle; includeInIndex = 0; path = JobsBitsMonitorUITests.xctest; sourceTree = BUILT_PRODUCTS_DIR; };
		C590AA6D2585C548008A17D9 /* JobsBitsMonitorUITests.m */ = {isa = PBXFileReference; lastKnownFileType = sourcecode.c.objc; path = JobsBitsMonitorUITests.m; sourceTree = "<group>"; };
		C590AA6F2585C548008A17D9 /* Info.plist */ = {isa = PBXFileReference; lastKnownFileType = text.plist.xml; path = Info.plist; sourceTree = "<group>"; };
		C595BA7F25864011002A4531 /* UIView+SuspendView.m */ = {isa = PBXFileReference; fileEncoding = 4; lastKnownFileType = sourcecode.c.objc; path = "UIView+SuspendView.m"; sourceTree = "<group>"; };
		C595BA8025864011002A4531 /* UIView+SuspendView.h */ = {isa = PBXFileReference; fileEncoding = 4; lastKnownFileType = sourcecode.c.h; path = "UIView+SuspendView.h"; sourceTree = "<group>"; };
		C595BA8225864011002A4531 /* UIView+ZFPlayer.h */ = {isa = PBXFileReference; fileEncoding = 4; lastKnownFileType = sourcecode.c.h; path = "UIView+ZFPlayer.h"; sourceTree = "<group>"; };
		C595BA8325864011002A4531 /* UIView+ZFPlayer.m */ = {isa = PBXFileReference; fileEncoding = 4; lastKnownFileType = sourcecode.c.objc; path = "UIView+ZFPlayer.m"; sourceTree = "<group>"; };
		C595BA8525864011002A4531 /* UIView+Measure.m */ = {isa = PBXFileReference; fileEncoding = 4; lastKnownFileType = sourcecode.c.objc; path = "UIView+Measure.m"; sourceTree = "<group>"; };
		C595BA8625864011002A4531 /* UIView+Measure.h */ = {isa = PBXFileReference; fileEncoding = 4; lastKnownFileType = sourcecode.c.h; path = "UIView+Measure.h"; sourceTree = "<group>"; };
		C595BA8825864011002A4531 /* UIView+Gradient.h */ = {isa = PBXFileReference; fileEncoding = 4; lastKnownFileType = sourcecode.c.h; path = "UIView+Gradient.h"; sourceTree = "<group>"; };
		C595BA8925864011002A4531 /* UIView+Gradient.m */ = {isa = PBXFileReference; fileEncoding = 4; lastKnownFileType = sourcecode.c.objc; path = "UIView+Gradient.m"; sourceTree = "<group>"; };
		C595BA8B25864011002A4531 /* UIView+Chain.m */ = {isa = PBXFileReference; fileEncoding = 4; lastKnownFileType = sourcecode.c.objc; path = "UIView+Chain.m"; sourceTree = "<group>"; };
		C595BA8C25864011002A4531 /* UIView+Chain.h */ = {isa = PBXFileReference; fileEncoding = 4; lastKnownFileType = sourcecode.c.h; path = "UIView+Chain.h"; sourceTree = "<group>"; };
		C595BA8E25864011002A4531 /* UIView+Animation.m */ = {isa = PBXFileReference; fileEncoding = 4; lastKnownFileType = sourcecode.c.objc; path = "UIView+Animation.m"; sourceTree = "<group>"; };
		C595BA8F25864011002A4531 /* UIView+Animation.h */ = {isa = PBXFileReference; fileEncoding = 4; lastKnownFileType = sourcecode.c.h; path = "UIView+Animation.h"; sourceTree = "<group>"; };
		C595BA9125864011002A4531 /* UIView+Extras.h */ = {isa = PBXFileReference; fileEncoding = 4; lastKnownFileType = sourcecode.c.h; path = "UIView+Extras.h"; sourceTree = "<group>"; };
		C595BA9225864011002A4531 /* UIView+Extras.m */ = {isa = PBXFileReference; fileEncoding = 4; lastKnownFileType = sourcecode.c.objc; path = "UIView+Extras.m"; sourceTree = "<group>"; };
		C595CB04258645F0002A4531 /* CustomZFPlayerControlView.m */ = {isa = PBXFileReference; fileEncoding = 4; lastKnownFileType = sourcecode.c.objc; path = CustomZFPlayerControlView.m; sourceTree = "<group>"; };
		C595CB05258645F0002A4531 /* ZFCustomControlView.h */ = {isa = PBXFileReference; fileEncoding = 4; lastKnownFileType = sourcecode.c.h; path = ZFCustomControlView.h; sourceTree = "<group>"; };
		C595CB06258645F0002A4531 /* CustomZFPlayerControlView.h */ = {isa = PBXFileReference; fileEncoding = 4; lastKnownFileType = sourcecode.c.h; path = CustomZFPlayerControlView.h; sourceTree = "<group>"; };
		C595CB07258645F0002A4531 /* ZFCustomControlView.m */ = {isa = PBXFileReference; fileEncoding = 4; lastKnownFileType = sourcecode.c.objc; path = ZFCustomControlView.m; sourceTree = "<group>"; };
		C595CB0E2586460F002A4531 /* NotificationManager.h */ = {isa = PBXFileReference; fileEncoding = 4; lastKnownFileType = sourcecode.c.h; path = NotificationManager.h; sourceTree = "<group>"; };
		C595CB0F2586460F002A4531 /* NotificationManager.m */ = {isa = PBXFileReference; fileEncoding = 4; lastKnownFileType = sourcecode.c.objc; path = NotificationManager.m; sourceTree = "<group>"; };
		C595CE212586475C002A4531 /* JobsBitsMonitorSuspendLab.h */ = {isa = PBXFileReference; lastKnownFileType = sourcecode.c.h; path = JobsBitsMonitorSuspendLab.h; sourceTree = "<group>"; };
		C595CE222586475C002A4531 /* JobsBitsMonitorSuspendLab.m */ = {isa = PBXFileReference; lastKnownFileType = sourcecode.c.objc; path = JobsBitsMonitorSuspendLab.m; sourceTree = "<group>"; };
		C59A3C652586390600D9D228 /* SuspendBtn.m */ = {isa = PBXFileReference; fileEncoding = 4; lastKnownFileType = sourcecode.c.objc; path = SuspendBtn.m; sourceTree = "<group>"; };
		C59A3C662586390600D9D228 /* SuspendBtn.h */ = {isa = PBXFileReference; fileEncoding = 4; lastKnownFileType = sourcecode.c.h; path = SuspendBtn.h; sourceTree = "<group>"; };
		C59A3C682586390600D9D228 /* SuspendLab.h */ = {isa = PBXFileReference; fileEncoding = 4; lastKnownFileType = sourcecode.c.h; path = SuspendLab.h; sourceTree = "<group>"; };
		C59A3C692586390600D9D228 /* SuspendLab.m */ = {isa = PBXFileReference; fileEncoding = 4; lastKnownFileType = sourcecode.c.objc; path = SuspendLab.m; sourceTree = "<group>"; };
		C59A3C6B2586390600D9D228 /* SuspendView.m */ = {isa = PBXFileReference; fileEncoding = 4; lastKnownFileType = sourcecode.c.objc; path = SuspendView.m; sourceTree = "<group>"; };
		C59A3C6C2586390600D9D228 /* SuspendView.h */ = {isa = PBXFileReference; fileEncoding = 4; lastKnownFileType = sourcecode.c.h; path = SuspendView.h; sourceTree = "<group>"; };
		C5D1BDB6258B1ED100784D2F /* UIView+EmptyData.m */ = {isa = PBXFileReference; fileEncoding = 4; lastKnownFileType = sourcecode.c.objc; path = "UIView+EmptyData.m"; sourceTree = "<group>"; };
		C5D1BDB7258B1ED100784D2F /* UIView+EmptyData.h */ = {isa = PBXFileReference; fileEncoding = 4; lastKnownFileType = sourcecode.c.h; path = "UIView+EmptyData.h"; sourceTree = "<group>"; };
		C5D6C1992585D10C00029AFF /* PrefixHeader.pch */ = {isa = PBXFileReference; fileEncoding = 4; lastKnownFileType = sourcecode.c.h; path = PrefixHeader.pch; sourceTree = "<group>"; };
		C5D6C19A2585D12B00029AFF /* Pods.h */ = {isa = PBXFileReference; lastKnownFileType = sourcecode.c.h; path = Pods.h; sourceTree = "<group>"; };
		C5D6C1A72585D2AA00029AFF /* JobsBitsMonitorCore.h */ = {isa = PBXFileReference; lastKnownFileType = sourcecode.c.h; path = JobsBitsMonitorCore.h; sourceTree = "<group>"; };
		C5D6C1A82585D2AA00029AFF /* JobsBitsMonitorCore.m */ = {isa = PBXFileReference; lastKnownFileType = sourcecode.c.objc; path = JobsBitsMonitorCore.m; sourceTree = "<group>"; };
		C5D6C2A32585D4C700029AFF /* TimerManager_DefineStructure.h */ = {isa = PBXFileReference; fileEncoding = 4; lastKnownFileType = sourcecode.c.h; path = TimerManager_DefineStructure.h; sourceTree = "<group>"; };
		C5D6C2A52585D4C700029AFF /* NSTimerManager.h */ = {isa = PBXFileReference; fileEncoding = 4; lastKnownFileType = sourcecode.c.h; path = NSTimerManager.h; sourceTree = "<group>"; };
		C5D6C2A62585D4C700029AFF /* NSTimerManager.m */ = {isa = PBXFileReference; fileEncoding = 4; lastKnownFileType = sourcecode.c.objc; path = NSTimerManager.m; sourceTree = "<group>"; };
		C5D6C2A82585D4C700029AFF /* GCD_TimerManager.m */ = {isa = PBXFileReference; fileEncoding = 4; lastKnownFileType = sourcecode.c.objc; path = GCD_TimerManager.m; sourceTree = "<group>"; };
		C5D6C2A92585D4C700029AFF /* GCD_TimerManager.h */ = {isa = PBXFileReference; fileEncoding = 4; lastKnownFileType = sourcecode.c.h; path = GCD_TimerManager.h; sourceTree = "<group>"; };
		C5D6C2AA2585D4C700029AFF /* TimerManager.h */ = {isa = PBXFileReference; fileEncoding = 4; lastKnownFileType = sourcecode.c.h; path = TimerManager.h; sourceTree = "<group>"; };
		C5D6C2AC2585D4C700029AFF /* Nanosecond_TimerManager.m */ = {isa = PBXFileReference; fileEncoding = 4; lastKnownFileType = sourcecode.c.objc; path = Nanosecond_TimerManager.m; sourceTree = "<group>"; };
		C5D6C2AD2585D4C700029AFF /* Nanosecond_TimerManager.h */ = {isa = PBXFileReference; fileEncoding = 4; lastKnownFileType = sourcecode.c.h; path = Nanosecond_TimerManager.h; sourceTree = "<group>"; };
		C5D6C2AF2585D4C700029AFF /* CADisplayLink_TimerManager.m */ = {isa = PBXFileReference; fileEncoding = 4; lastKnownFileType = sourcecode.c.objc; path = CADisplayLink_TimerManager.m; sourceTree = "<group>"; };
		C5D6C2B02585D4C700029AFF /* CADisplayLink_TimerManager.h */ = {isa = PBXFileReference; fileEncoding = 4; lastKnownFileType = sourcecode.c.h; path = CADisplayLink_TimerManager.h; sourceTree = "<group>"; };
		C5D6C3B42585D57200029AFF /* AABlock.h */ = {isa = PBXFileReference; lastKnownFileType = sourcecode.c.h; path = AABlock.h; sourceTree = "<group>"; };
		C5D6C3B52585D59E00029AFF /* Manual_Add_ThirdParty.h */ = {isa = PBXFileReference; lastKnownFileType = sourcecode.c.h; path = Manual_Add_ThirdParty.h; sourceTree = "<group>"; };
		C5D6D7452586024C00029AFF /* NSString+Extras.m */ = {isa = PBXFileReference; fileEncoding = 4; lastKnownFileType = sourcecode.c.objc; path = "NSString+Extras.m"; sourceTree = "<group>"; };
		C5D6D7462586024C00029AFF /* NSString+Extras.h */ = {isa = PBXFileReference; fileEncoding = 4; lastKnownFileType = sourcecode.c.h; path = "NSString+Extras.h"; sourceTree = "<group>"; };
		C5D6D752258602D200029AFF /* TimeModel.m */ = {isa = PBXFileReference; fileEncoding = 4; lastKnownFileType = sourcecode.c.objc; path = TimeModel.m; sourceTree = "<group>"; };
		C5D6D753258602D200029AFF /* TimeModel.h */ = {isa = PBXFileReference; fileEncoding = 4; lastKnownFileType = sourcecode.c.h; path = TimeModel.h; sourceTree = "<group>"; };
		C5D6D755258602D200029AFF /* NSObject+Time.h */ = {isa = PBXFileReference; fileEncoding = 4; lastKnownFileType = sourcecode.c.h; path = "NSObject+Time.h"; sourceTree = "<group>"; };
		C5D6D756258602D200029AFF /* NSObject+Time.m */ = {isa = PBXFileReference; fileEncoding = 4; lastKnownFileType = sourcecode.c.objc; path = "NSObject+Time.m"; sourceTree = "<group>"; };
		CB949FB605E0C8996458C770 /* Pods-JobsBitsMonitor.debug.xcconfig */ = {isa = PBXFileReference; includeInIndex = 1; lastKnownFileType = text.xcconfig; name = "Pods-JobsBitsMonitor.debug.xcconfig"; path = "Target Support Files/Pods-JobsBitsMonitor/Pods-JobsBitsMonitor.debug.xcconfig"; sourceTree = "<group>"; };
		D1967B071B3023B2566FEF44 /* Pods-JobsBitsMonitorTests.debug.xcconfig */ = {isa = PBXFileReference; includeInIndex = 1; lastKnownFileType = text.xcconfig; name = "Pods-JobsBitsMonitorTests.debug.xcconfig"; path = "Target Support Files/Pods-JobsBitsMonitorTests/Pods-JobsBitsMonitorTests.debug.xcconfig"; sourceTree = "<group>"; };
		E562DDF25E315D524C10B021 /* Pods_JobsBitsMonitorUITests.framework */ = {isa = PBXFileReference; explicitFileType = wrapper.framework; includeInIndex = 0; path = Pods_JobsBitsMonitorUITests.framework; sourceTree = BUILT_PRODUCTS_DIR; };
		FD0F4B7A97B8FDF12A9E5AAE /* Pods_JobsBitsMonitorTests.framework */ = {isa = PBXFileReference; explicitFileType = wrapper.framework; includeInIndex = 0; path = Pods_JobsBitsMonitorTests.framework; sourceTree = BUILT_PRODUCTS_DIR; };
/* End PBXFileReference section */

/* Begin PBXFrameworksBuildPhase section */
		C590AA3D2585C547008A17D9 /* Frameworks */ = {
			isa = PBXFrameworksBuildPhase;
			buildActionMask = 2147483647;
			files = (
				867AA81B6F03DB6B94895E65 /* Pods_JobsBitsMonitor.framework in Frameworks */,
			);
			runOnlyForDeploymentPostprocessing = 0;
		};
		C590AA5B2585C548008A17D9 /* Frameworks */ = {
			isa = PBXFrameworksBuildPhase;
			buildActionMask = 2147483647;
			files = (
				23D5911146136DFDFF334F40 /* Pods_JobsBitsMonitorTests.framework in Frameworks */,
			);
			runOnlyForDeploymentPostprocessing = 0;
		};
		C590AA662585C548008A17D9 /* Frameworks */ = {
			isa = PBXFrameworksBuildPhase;
			buildActionMask = 2147483647;
			files = (
				006E54CC12371794E0D702B0 /* Pods_JobsBitsMonitorUITests.framework in Frameworks */,
			);
			runOnlyForDeploymentPostprocessing = 0;
		};
/* End PBXFrameworksBuildPhase section */

/* Begin PBXGroup section */
		4ED8D10E8F99E7F8ECC5AC67 /* Frameworks */ = {
			isa = PBXGroup;
			children = (
				ACFB81FD23AE4508742DD2FF /* Pods_JobsBitsMonitor.framework */,
				FD0F4B7A97B8FDF12A9E5AAE /* Pods_JobsBitsMonitorTests.framework */,
				E562DDF25E315D524C10B021 /* Pods_JobsBitsMonitorUITests.framework */,
			);
			name = Frameworks;
			sourceTree = "<group>";
		};
		5E270302EDBE3426966CDB41 /* Pods */ = {
			isa = PBXGroup;
			children = (
				CB949FB605E0C8996458C770 /* Pods-JobsBitsMonitor.debug.xcconfig */,
				523E17B989D65E34027BCD3F /* Pods-JobsBitsMonitor.release.xcconfig */,
				D1967B071B3023B2566FEF44 /* Pods-JobsBitsMonitorTests.debug.xcconfig */,
				C3638E0346A1F1904B51DFB9 /* Pods-JobsBitsMonitorTests.release.xcconfig */,
				09B47DC474E32ABB5E27CFB7 /* Pods-JobsBitsMonitorUITests.debug.xcconfig */,
				01915E04C894D128C1D0B94F /* Pods-JobsBitsMonitorUITests.release.xcconfig */,
			);
			path = Pods;
			sourceTree = "<group>";
		};
		C5580394258A44C00078DB8F /* PodsManual */ = {
			isa = PBXGroup;
			children = (
			);
			path = PodsManual;
			sourceTree = "<group>";
		};
		C558DF42258A0EAB0078DB8F /* 各项全局定义 */ = {
			isa = PBXGroup;
			children = (
				C595CB0D2586460F002A4531 /* NotificationManager */,
				C558DF43258A0EBD0078DB8F /* 其他的一些全局定义文件 */,
			);
			path = "各项全局定义";
			sourceTree = "<group>";
		};
		C558DF43258A0EBD0078DB8F /* 其他的一些全局定义文件 */ = {
			isa = PBXGroup;
			children = (
				C5D6C3B42585D57200029AFF /* AABlock.h */,
			);
			path = "其他的一些全局定义文件";
			sourceTree = "<group>";
		};
		C558DF44258A0EE00078DB8F /* 第三方头文件管理 */ = {
			isa = PBXGroup;
			children = (
				C558DF46258A0EEF0078DB8F /* Pods */,
				C558DF45258A0EEC0078DB8F /* 手动导入的第三方 */,
			);
			path = "第三方头文件管理";
			sourceTree = "<group>";
		};
		C558DF45258A0EEC0078DB8F /* 手动导入的第三方 */ = {
			isa = PBXGroup;
			children = (
				C5D6C3B52585D59E00029AFF /* Manual_Add_ThirdParty.h */,
			);
			path = "手动导入的第三方";
			sourceTree = "<group>";
		};
		C558DF46258A0EEF0078DB8F /* Pods */ = {
			isa = PBXGroup;
			children = (
				C5D6C19A2585D12B00029AFF /* Pods.h */,
				C5580393258A44BB0078DB8F /* PodsManual.h */,
			);
			path = Pods;
			sourceTree = "<group>";
		};
		C558EF28258A2DA90078DB8F /* 3rd */ = {
			isa = PBXGroup;
			children = (
				C5D6C5C12585ED4400029AFF /* BaseCustomizeUIKit */,
				C5D6C19F2585D26900029AFF /* Manual_Add_ThirdParty */,
			);
			path = 3rd;
			sourceTree = "<group>";
		};
		C558F7EF258A38560078DB8F /* Swift-OC桥接头文件 */ = {
			isa = PBXGroup;
			children = (
				C558F7F0258A385F0078DB8F /* JobsBitsMonitor-Bridging-Header.h */,
			);
			path = "Swift-OC桥接头文件";
			sourceTree = "<group>";
		};
		C590AA372585C547008A17D9 = {
			isa = PBXGroup;
			children = (
				4ED8D10E8F99E7F8ECC5AC67 /* Frameworks */,
				C590AA422585C547008A17D9 /* JobsBitsMonitor */,
				C590AA612585C548008A17D9 /* JobsBitsMonitorTests */,
				C590AA6C2585C548008A17D9 /* JobsBitsMonitorUITests */,
				5E270302EDBE3426966CDB41 /* Pods */,
				C5580394258A44C00078DB8F /* PodsManual */,
				C54AEBDC258723EB001A4630 /* README.md */,
			);
			sourceTree = "<group>";
		};
		C590AA412585C547008A17D9 /* Products */ = {
			isa = PBXGroup;
			children = (
				C590AA402585C547008A17D9 /* JobsBitsMonitor.app */,
				C590AA5E2585C548008A17D9 /* JobsBitsMonitorTests.xctest */,
				C590AA692585C548008A17D9 /* JobsBitsMonitorUITests.xctest */,
			);
			name = Products;
			path = ../..;
			sourceTree = "<group>";
		};
		C590AA422585C547008A17D9 /* JobsBitsMonitor */ = {
			isa = PBXGroup;
			children = (
				C590AA572585C548008A17D9 /* Info.plist */,
				C5D6C1952585D09C00029AFF /* AppDelegate & SceneDelegate */,
				C558EF28258A2DA90078DB8F /* 3rd */,
				C5D6C19B2585D1AE00029AFF /* 🌹Macro */,
				C5D6C1982585D0C800029AFF /* Others */,
				C590AA492585C547008A17D9 /* ViewController.h */,
				C590AA4A2585C547008A17D9 /* ViewController.m */,
			);
			path = JobsBitsMonitor;
			sourceTree = "<group>";
		};
		C590AA612585C548008A17D9 /* JobsBitsMonitorTests */ = {
			isa = PBXGroup;
			children = (
				C590AA622585C548008A17D9 /* JobsBitsMonitorTests.m */,
				C590AA642585C548008A17D9 /* Info.plist */,
			);
			path = JobsBitsMonitorTests;
			sourceTree = "<group>";
		};
		C590AA6C2585C548008A17D9 /* JobsBitsMonitorUITests */ = {
			isa = PBXGroup;
			children = (
				C590AA6D2585C548008A17D9 /* JobsBitsMonitorUITests.m */,
				C590AA6F2585C548008A17D9 /* Info.plist */,
			);
			path = JobsBitsMonitorUITests;
			sourceTree = "<group>";
		};
		C595BA7D25864011002A4531 /* UIView */ = {
			isa = PBXGroup;
			children = (
				C595BA8D25864011002A4531 /* UIView+Animation */,
				C595BA8A25864011002A4531 /* UIView+Chain */,
				C5D1BDB5258B1ED100784D2F /* UIView+EmptyData */,
				C595BA9025864011002A4531 /* UIView+Extras */,
				C595BA8725864011002A4531 /* UIView+Gradient */,
				C595BA8425864011002A4531 /* UIView+Measure */,
				C595BA7E25864011002A4531 /* UIView+SuspendView */,
				C595BA8125864011002A4531 /* UIView+ZFPlayer */,
			);
			path = UIView;
			sourceTree = "<group>";
		};
		C595BA7E25864011002A4531 /* UIView+SuspendView */ = {
			isa = PBXGroup;
			children = (
				C595BA8025864011002A4531 /* UIView+SuspendView.h */,
				C595BA7F25864011002A4531 /* UIView+SuspendView.m */,
			);
			path = "UIView+SuspendView";
			sourceTree = "<group>";
		};
		C595BA8125864011002A4531 /* UIView+ZFPlayer */ = {
			isa = PBXGroup;
			children = (
				C595BA8225864011002A4531 /* UIView+ZFPlayer.h */,
				C595BA8325864011002A4531 /* UIView+ZFPlayer.m */,
			);
			path = "UIView+ZFPlayer";
			sourceTree = "<group>";
		};
		C595BA8425864011002A4531 /* UIView+Measure */ = {
			isa = PBXGroup;
			children = (
				C595BA8625864011002A4531 /* UIView+Measure.h */,
				C595BA8525864011002A4531 /* UIView+Measure.m */,
			);
			path = "UIView+Measure";
			sourceTree = "<group>";
		};
		C595BA8725864011002A4531 /* UIView+Gradient */ = {
			isa = PBXGroup;
			children = (
				C595BA8825864011002A4531 /* UIView+Gradient.h */,
				C595BA8925864011002A4531 /* UIView+Gradient.m */,
			);
			path = "UIView+Gradient";
			sourceTree = "<group>";
		};
		C595BA8A25864011002A4531 /* UIView+Chain */ = {
			isa = PBXGroup;
			children = (
				C595BA8C25864011002A4531 /* UIView+Chain.h */,
				C595BA8B25864011002A4531 /* UIView+Chain.m */,
			);
			path = "UIView+Chain";
			sourceTree = "<group>";
		};
		C595BA8D25864011002A4531 /* UIView+Animation */ = {
			isa = PBXGroup;
			children = (
				C595BA8F25864011002A4531 /* UIView+Animation.h */,
				C595BA8E25864011002A4531 /* UIView+Animation.m */,
			);
			path = "UIView+Animation";
			sourceTree = "<group>";
		};
		C595BA9025864011002A4531 /* UIView+Extras */ = {
			isa = PBXGroup;
			children = (
				C595BA9125864011002A4531 /* UIView+Extras.h */,
				C595BA9225864011002A4531 /* UIView+Extras.m */,
			);
			path = "UIView+Extras";
			sourceTree = "<group>";
		};
		C595CB03258645F0002A4531 /* 播放器控制层 */ = {
			isa = PBXGroup;
			children = (
				C595CB06258645F0002A4531 /* CustomZFPlayerControlView.h */,
				C595CB04258645F0002A4531 /* CustomZFPlayerControlView.m */,
				C595CB05258645F0002A4531 /* ZFCustomControlView.h */,
				C595CB07258645F0002A4531 /* ZFCustomControlView.m */,
			);
			path = "播放器控制层";
			sourceTree = "<group>";
		};
		C595CB0D2586460F002A4531 /* NotificationManager */ = {
			isa = PBXGroup;
			children = (
				C595CB0E2586460F002A4531 /* NotificationManager.h */,
				C595CB0F2586460F002A4531 /* NotificationManager.m */,
			);
			path = NotificationManager;
			sourceTree = "<group>";
		};
		C595CDF7258646DF002A4531 /* JobsBitsMonitorSuspendLab */ = {
			isa = PBXGroup;
			children = (
				C595CE212586475C002A4531 /* JobsBitsMonitorSuspendLab.h */,
				C595CE222586475C002A4531 /* JobsBitsMonitorSuspendLab.m */,
			);
			path = JobsBitsMonitorSuspendLab;
			sourceTree = "<group>";
		};
		C595CF142586481A002A4531 /* JobsBitsMonitor */ = {
			isa = PBXGroup;
			children = (
				C54AEBC825871D1F001A4630 /* JobsBitsMonitor.h */,
				C5D6C1A62585D28800029AFF /* JobsBitsMonitorCore */,
				C595CDF7258646DF002A4531 /* JobsBitsMonitorSuspendLab */,
			);
			path = JobsBitsMonitor;
			sourceTree = "<group>";
		};
		C59A3C632586390600D9D228 /* Suspend */ = {
			isa = PBXGroup;
			children = (
				C59A3C642586390600D9D228 /* SuspendBtn */,
				C59A3C672586390600D9D228 /* SuspendLab */,
				C59A3C6A2586390600D9D228 /* SuspendView */,
			);
			path = Suspend;
			sourceTree = "<group>";
		};
		C59A3C642586390600D9D228 /* SuspendBtn */ = {
			isa = PBXGroup;
			children = (
				C59A3C662586390600D9D228 /* SuspendBtn.h */,
				C59A3C652586390600D9D228 /* SuspendBtn.m */,
			);
			path = SuspendBtn;
			sourceTree = "<group>";
		};
		C59A3C672586390600D9D228 /* SuspendLab */ = {
			isa = PBXGroup;
			children = (
				C59A3C682586390600D9D228 /* SuspendLab.h */,
				C59A3C692586390600D9D228 /* SuspendLab.m */,
			);
			path = SuspendLab;
			sourceTree = "<group>";
		};
		C59A3C6A2586390600D9D228 /* SuspendView */ = {
			isa = PBXGroup;
			children = (
				C59A3C6C2586390600D9D228 /* SuspendView.h */,
				C59A3C6B2586390600D9D228 /* SuspendView.m */,
			);
			path = SuspendView;
			sourceTree = "<group>";
		};
		C5D1BDB5258B1ED100784D2F /* UIView+EmptyData */ = {
			isa = PBXGroup;
			children = (
				C5D1BDB6258B1ED100784D2F /* UIView+EmptyData.m */,
				C5D1BDB7258B1ED100784D2F /* UIView+EmptyData.h */,
			);
			path = "UIView+EmptyData";
			sourceTree = "<group>";
		};
		C5D6C1952585D09C00029AFF /* AppDelegate & SceneDelegate */ = {
			isa = PBXGroup;
			children = (
				C5D6C1962585D0A500029AFF /* AppDelegate */,
				C5D6C1972585D0AD00029AFF /* SceneDelegate */,
			);
			path = "AppDelegate & SceneDelegate";
			sourceTree = "<group>";
		};
		C5D6C1962585D0A500029AFF /* AppDelegate */ = {
			isa = PBXGroup;
			children = (
				C590AA432585C547008A17D9 /* AppDelegate.h */,
				C590AA442585C547008A17D9 /* AppDelegate.m */,
			);
			path = AppDelegate;
			sourceTree = "<group>";
		};
		C5D6C1972585D0AD00029AFF /* SceneDelegate */ = {
			isa = PBXGroup;
			children = (
				C590AA462585C547008A17D9 /* SceneDelegate.h */,
				C590AA472585C547008A17D9 /* SceneDelegate.m */,
			);
			path = SceneDelegate;
			sourceTree = "<group>";
		};
		C5D6C1982585D0C800029AFF /* Others */ = {
			isa = PBXGroup;
			children = (
				C590AA412585C547008A17D9 /* Products */,
				C590AA4C2585C547008A17D9 /* Main.storyboard */,
				C590AA522585C548008A17D9 /* Assets.xcassets */,
				C590AA542585C548008A17D9 /* LaunchScreen.storyboard */,
				C590AA582585C548008A17D9 /* main.m */,
				C590AA4F2585C547008A17D9 /* JobsBitsMonitor.xcdatamodeld */,
			);
			path = Others;
			sourceTree = "<group>";
		};
		C5D6C19B2585D1AE00029AFF /* 🌹Macro */ = {
			isa = PBXGroup;
			children = (
				C5D6C1992585D10C00029AFF /* PrefixHeader.pch */,
				C558DF44258A0EE00078DB8F /* 第三方头文件管理 */,
				C558DF42258A0EAB0078DB8F /* 各项全局定义 */,
				C558F7EF258A38560078DB8F /* Swift-OC桥接头文件 */,
			);
			path = "🌹Macro";
			sourceTree = "<group>";
		};
		C5D6C19F2585D26900029AFF /* Manual_Add_ThirdParty */ = {
			isa = PBXGroup;
			children = (
				C595CB03258645F0002A4531 /* 播放器控制层 */,
				C595CF142586481A002A4531 /* JobsBitsMonitor */,
				C59A3C632586390600D9D228 /* Suspend */,
				C5D6C2A22585D4C700029AFF /* TimerManager */,
			);
			path = Manual_Add_ThirdParty;
			sourceTree = "<group>";
		};
		C5D6C1A62585D28800029AFF /* JobsBitsMonitorCore */ = {
			isa = PBXGroup;
			children = (
				C5D6C1A72585D2AA00029AFF /* JobsBitsMonitorCore.h */,
				C5D6C1A82585D2AA00029AFF /* JobsBitsMonitorCore.m */,
			);
			path = JobsBitsMonitorCore;
			sourceTree = "<group>";
		};
		C5D6C2A22585D4C700029AFF /* TimerManager */ = {
			isa = PBXGroup;
			children = (
				C5D6C2AE2585D4C700029AFF /* CADisplayLink_TimerManager */,
				C5D6C2A72585D4C700029AFF /* GCD_TimerManager(未完) */,
				C5D6C2AB2585D4C700029AFF /* Nanosecond_TimerManager */,
				C5D6C2A42585D4C700029AFF /* NSTimerManager */,
				C5D6C2A32585D4C700029AFF /* TimerManager_DefineStructure.h */,
				C5D6C2AA2585D4C700029AFF /* TimerManager.h */,
			);
			path = TimerManager;
			sourceTree = "<group>";
		};
		C5D6C2A42585D4C700029AFF /* NSTimerManager */ = {
			isa = PBXGroup;
			children = (
				C5D6C2A52585D4C700029AFF /* NSTimerManager.h */,
				C5D6C2A62585D4C700029AFF /* NSTimerManager.m */,
			);
			path = NSTimerManager;
			sourceTree = "<group>";
		};
		C5D6C2A72585D4C700029AFF /* GCD_TimerManager(未完) */ = {
			isa = PBXGroup;
			children = (
				C5D6C2A82585D4C700029AFF /* GCD_TimerManager.m */,
				C5D6C2A92585D4C700029AFF /* GCD_TimerManager.h */,
			);
			path = "GCD_TimerManager(未完)";
			sourceTree = "<group>";
		};
		C5D6C2AB2585D4C700029AFF /* Nanosecond_TimerManager */ = {
			isa = PBXGroup;
			children = (
				C5D6C2AC2585D4C700029AFF /* Nanosecond_TimerManager.m */,
				C5D6C2AD2585D4C700029AFF /* Nanosecond_TimerManager.h */,
			);
			path = Nanosecond_TimerManager;
			sourceTree = "<group>";
		};
		C5D6C2AE2585D4C700029AFF /* CADisplayLink_TimerManager */ = {
			isa = PBXGroup;
			children = (
				C5D6C2AF2585D4C700029AFF /* CADisplayLink_TimerManager.m */,
				C5D6C2B02585D4C700029AFF /* CADisplayLink_TimerManager.h */,
			);
			path = CADisplayLink_TimerManager;
			sourceTree = "<group>";
		};
		C5D6C5C12585ED4400029AFF /* BaseCustomizeUIKit */ = {
			isa = PBXGroup;
			children = (
				C595BA7D25864011002A4531 /* UIView */,
				C5D6D7432586024C00029AFF /* NSString */,
				C5D6C5C22585ED5700029AFF /* NSObject */,
			);
			path = BaseCustomizeUIKit;
			sourceTree = "<group>";
		};
		C5D6C5C22585ED5700029AFF /* NSObject */ = {
			isa = PBXGroup;
			children = (
				C5D6D751258602D200029AFF /* NSObject (Time) */,
				C5D6D754258602D200029AFF /* NSObject+Time */,
			);
			path = NSObject;
			sourceTree = "<group>";
		};
		C5D6D7432586024C00029AFF /* NSString */ = {
			isa = PBXGroup;
			children = (
				C5D6D7442586024C00029AFF /* NSString+Extras */,
			);
			path = NSString;
			sourceTree = "<group>";
		};
		C5D6D7442586024C00029AFF /* NSString+Extras */ = {
			isa = PBXGroup;
			children = (
				C5D6D7462586024C00029AFF /* NSString+Extras.h */,
				C5D6D7452586024C00029AFF /* NSString+Extras.m */,
			);
			path = "NSString+Extras";
			sourceTree = "<group>";
		};
		C5D6D751258602D200029AFF /* NSObject (Time) */ = {
			isa = PBXGroup;
			children = (
				C5D6D753258602D200029AFF /* TimeModel.h */,
				C5D6D752258602D200029AFF /* TimeModel.m */,
			);
			path = "NSObject (Time)";
			sourceTree = "<group>";
		};
		C5D6D754258602D200029AFF /* NSObject+Time */ = {
			isa = PBXGroup;
			children = (
				C5D6D755258602D200029AFF /* NSObject+Time.h */,
				C5D6D756258602D200029AFF /* NSObject+Time.m */,
			);
			path = "NSObject+Time";
			sourceTree = "<group>";
		};
/* End PBXGroup section */

/* Begin PBXNativeTarget section */
		C590AA3F2585C547008A17D9 /* JobsBitsMonitor */ = {
			isa = PBXNativeTarget;
			buildConfigurationList = C590AA722585C548008A17D9 /* Build configuration list for PBXNativeTarget "JobsBitsMonitor" */;
			buildPhases = (
				32175EB7D04147BADBFFFC01 /* [CP] Check Pods Manifest.lock */,
				C590AA3C2585C547008A17D9 /* Sources */,
				C590AA3D2585C547008A17D9 /* Frameworks */,
				C590AA3E2585C547008A17D9 /* Resources */,
				D244F501DF84BA4C5EF678B1 /* [CP] Embed Pods Frameworks */,
				500186C5E8F900B3654F58D7 /* [CP] Copy Pods Resources */,
			);
			buildRules = (
			);
			dependencies = (
			);
			name = JobsBitsMonitor;
			productName = JobsBitsMonitor;
			productReference = C590AA402585C547008A17D9 /* JobsBitsMonitor.app */;
			productType = "com.apple.product-type.application";
		};
		C590AA5D2585C548008A17D9 /* JobsBitsMonitorTests */ = {
			isa = PBXNativeTarget;
			buildConfigurationList = C590AA752585C548008A17D9 /* Build configuration list for PBXNativeTarget "JobsBitsMonitorTests" */;
			buildPhases = (
				A101A9AB6E71BBB101033259 /* [CP] Check Pods Manifest.lock */,
				C590AA5A2585C548008A17D9 /* Sources */,
				C590AA5B2585C548008A17D9 /* Frameworks */,
				C590AA5C2585C548008A17D9 /* Resources */,
			);
			buildRules = (
			);
			dependencies = (
				C590AA602585C548008A17D9 /* PBXTargetDependency */,
			);
			name = JobsBitsMonitorTests;
			productName = JobsBitsMonitorTests;
			productReference = C590AA5E2585C548008A17D9 /* JobsBitsMonitorTests.xctest */;
			productType = "com.apple.product-type.bundle.unit-test";
		};
		C590AA682585C548008A17D9 /* JobsBitsMonitorUITests */ = {
			isa = PBXNativeTarget;
			buildConfigurationList = C590AA782585C548008A17D9 /* Build configuration list for PBXNativeTarget "JobsBitsMonitorUITests" */;
			buildPhases = (
				F9EF2CA091E24CE5884CD6AD /* [CP] Check Pods Manifest.lock */,
				C590AA652585C548008A17D9 /* Sources */,
				C590AA662585C548008A17D9 /* Frameworks */,
				C590AA672585C548008A17D9 /* Resources */,
			);
			buildRules = (
			);
			dependencies = (
				C590AA6B2585C548008A17D9 /* PBXTargetDependency */,
			);
			name = JobsBitsMonitorUITests;
			productName = JobsBitsMonitorUITests;
			productReference = C590AA692585C548008A17D9 /* JobsBitsMonitorUITests.xctest */;
			productType = "com.apple.product-type.bundle.ui-testing";
		};
/* End PBXNativeTarget section */

/* Begin PBXProject section */
		C590AA382585C547008A17D9 /* Project object */ = {
			isa = PBXProject;
			attributes = {
				LastUpgradeCheck = 1220;
				TargetAttributes = {
					C590AA3F2585C547008A17D9 = {
						CreatedOnToolsVersion = 12.2;
						LastSwiftMigration = 1230;
					};
					C590AA5D2585C548008A17D9 = {
						CreatedOnToolsVersion = 12.2;
						TestTargetID = C590AA3F2585C547008A17D9;
					};
					C590AA682585C548008A17D9 = {
						CreatedOnToolsVersion = 12.2;
						TestTargetID = C590AA3F2585C547008A17D9;
					};
				};
			};
			buildConfigurationList = C590AA3B2585C547008A17D9 /* Build configuration list for PBXProject "JobsBitsMonitor" */;
			compatibilityVersion = "Xcode 9.3";
			developmentRegion = en;
			hasScannedForEncodings = 0;
			knownRegions = (
				en,
				Base,
			);
			mainGroup = C590AA372585C547008A17D9;
			productRefGroup = C590AA412585C547008A17D9 /* Products */;
			projectDirPath = "";
			projectRoot = "";
			targets = (
				C590AA3F2585C547008A17D9 /* JobsBitsMonitor */,
				C590AA5D2585C548008A17D9 /* JobsBitsMonitorTests */,
				C590AA682585C548008A17D9 /* JobsBitsMonitorUITests */,
			);
		};
/* End PBXProject section */

/* Begin PBXResourcesBuildPhase section */
		C590AA3E2585C547008A17D9 /* Resources */ = {
			isa = PBXResourcesBuildPhase;
			buildActionMask = 2147483647;
			files = (
				C590AA562585C548008A17D9 /* LaunchScreen.storyboard in Resources */,
				C590AA532585C548008A17D9 /* Assets.xcassets in Resources */,
				C590AA4E2585C547008A17D9 /* Main.storyboard in Resources */,
			);
			runOnlyForDeploymentPostprocessing = 0;
		};
		C590AA5C2585C548008A17D9 /* Resources */ = {
			isa = PBXResourcesBuildPhase;
			buildActionMask = 2147483647;
			files = (
			);
			runOnlyForDeploymentPostprocessing = 0;
		};
		C590AA672585C548008A17D9 /* Resources */ = {
			isa = PBXResourcesBuildPhase;
			buildActionMask = 2147483647;
			files = (
			);
			runOnlyForDeploymentPostprocessing = 0;
		};
/* End PBXResourcesBuildPhase section */

/* Begin PBXShellScriptBuildPhase section */
		32175EB7D04147BADBFFFC01 /* [CP] Check Pods Manifest.lock */ = {
			isa = PBXShellScriptBuildPhase;
			buildActionMask = 2147483647;
			files = (
			);
			inputFileListPaths = (
			);
			inputPaths = (
				"${PODS_PODFILE_DIR_PATH}/Podfile.lock",
				"${PODS_ROOT}/Manifest.lock",
			);
			name = "[CP] Check Pods Manifest.lock";
			outputFileListPaths = (
			);
			outputPaths = (
				"$(DERIVED_FILE_DIR)/Pods-JobsBitsMonitor-checkManifestLockResult.txt",
			);
			runOnlyForDeploymentPostprocessing = 0;
			shellPath = /bin/sh;
			shellScript = "diff \"${PODS_PODFILE_DIR_PATH}/Podfile.lock\" \"${PODS_ROOT}/Manifest.lock\" > /dev/null\nif [ $? != 0 ] ; then\n    # print error to STDERR\n    echo \"error: The sandbox is not in sync with the Podfile.lock. Run 'pod install' or update your CocoaPods installation.\" >&2\n    exit 1\nfi\n# This output is used by Xcode 'outputs' to avoid re-running this script phase.\necho \"SUCCESS\" > \"${SCRIPT_OUTPUT_FILE_0}\"\n";
			showEnvVarsInLog = 0;
		};
		500186C5E8F900B3654F58D7 /* [CP] Copy Pods Resources */ = {
			isa = PBXShellScriptBuildPhase;
			buildActionMask = 2147483647;
			files = (
			);
			inputFileListPaths = (
			);
			name = "[CP] Copy Pods Resources";
			outputFileListPaths = (
			);
			runOnlyForDeploymentPostprocessing = 0;
			shellPath = /bin/sh;
			shellScript = "\"${PODS_ROOT}/Target Support Files/Pods-JobsBitsMonitor/Pods-JobsBitsMonitor-resources.sh\"\n";
			showEnvVarsInLog = 0;
		};
		A101A9AB6E71BBB101033259 /* [CP] Check Pods Manifest.lock */ = {
			isa = PBXShellScriptBuildPhase;
			buildActionMask = 2147483647;
			files = (
			);
			inputFileListPaths = (
			);
			inputPaths = (
				"${PODS_PODFILE_DIR_PATH}/Podfile.lock",
				"${PODS_ROOT}/Manifest.lock",
			);
			name = "[CP] Check Pods Manifest.lock";
			outputFileListPaths = (
			);
			outputPaths = (
				"$(DERIVED_FILE_DIR)/Pods-JobsBitsMonitorTests-checkManifestLockResult.txt",
			);
			runOnlyForDeploymentPostprocessing = 0;
			shellPath = /bin/sh;
			shellScript = "diff \"${PODS_PODFILE_DIR_PATH}/Podfile.lock\" \"${PODS_ROOT}/Manifest.lock\" > /dev/null\nif [ $? != 0 ] ; then\n    # print error to STDERR\n    echo \"error: The sandbox is not in sync with the Podfile.lock. Run 'pod install' or update your CocoaPods installation.\" >&2\n    exit 1\nfi\n# This output is used by Xcode 'outputs' to avoid re-running this script phase.\necho \"SUCCESS\" > \"${SCRIPT_OUTPUT_FILE_0}\"\n";
			showEnvVarsInLog = 0;
		};
		D244F501DF84BA4C5EF678B1 /* [CP] Embed Pods Frameworks */ = {
			isa = PBXShellScriptBuildPhase;
			buildActionMask = 2147483647;
			files = (
			);
			inputFileListPaths = (
			);
			name = "[CP] Embed Pods Frameworks";
			outputFileListPaths = (
			);
			runOnlyForDeploymentPostprocessing = 0;
			shellPath = /bin/sh;
			shellScript = "\"${PODS_ROOT}/Target Support Files/Pods-JobsBitsMonitor/Pods-JobsBitsMonitor-frameworks.sh\"\n";
			showEnvVarsInLog = 0;
		};
		F9EF2CA091E24CE5884CD6AD /* [CP] Check Pods Manifest.lock */ = {
			isa = PBXShellScriptBuildPhase;
			buildActionMask = 2147483647;
			files = (
			);
			inputFileListPaths = (
			);
			inputPaths = (
				"${PODS_PODFILE_DIR_PATH}/Podfile.lock",
				"${PODS_ROOT}/Manifest.lock",
			);
			name = "[CP] Check Pods Manifest.lock";
			outputFileListPaths = (
			);
			outputPaths = (
				"$(DERIVED_FILE_DIR)/Pods-JobsBitsMonitorUITests-checkManifestLockResult.txt",
			);
			runOnlyForDeploymentPostprocessing = 0;
			shellPath = /bin/sh;
			shellScript = "diff \"${PODS_PODFILE_DIR_PATH}/Podfile.lock\" \"${PODS_ROOT}/Manifest.lock\" > /dev/null\nif [ $? != 0 ] ; then\n    # print error to STDERR\n    echo \"error: The sandbox is not in sync with the Podfile.lock. Run 'pod install' or update your CocoaPods installation.\" >&2\n    exit 1\nfi\n# This output is used by Xcode 'outputs' to avoid re-running this script phase.\necho \"SUCCESS\" > \"${SCRIPT_OUTPUT_FILE_0}\"\n";
			showEnvVarsInLog = 0;
		};
/* End PBXShellScriptBuildPhase section */

/* Begin PBXSourcesBuildPhase section */
		C590AA3C2585C547008A17D9 /* Sources */ = {
			isa = PBXSourcesBuildPhase;
			buildActionMask = 2147483647;
			files = (
				C595BA9325864011002A4531 /* UIView+SuspendView.m in Sources */,
				C5D6D7472586024C00029AFF /* NSString+Extras.m in Sources */,
				C595BA9625864011002A4531 /* UIView+Gradient.m in Sources */,
				C5D6C2B12585D4C700029AFF /* NSTimerManager.m in Sources */,
				C590AA592585C548008A17D9 /* main.m in Sources */,
				C595BA9825864011002A4531 /* UIView+Animation.m in Sources */,
				C595CB09258645F0002A4531 /* ZFCustomControlView.m in Sources */,
				C595CB102586460F002A4531 /* NotificationManager.m in Sources */,
				C590AA512585C547008A17D9 /* JobsBitsMonitor.xcdatamodeld in Sources */,
				C595BA9425864011002A4531 /* UIView+ZFPlayer.m in Sources */,
				C5D6C2B32585D4C700029AFF /* Nanosecond_TimerManager.m in Sources */,
				C59A3C6F2586390700D9D228 /* SuspendView.m in Sources */,
				C595CB08258645F0002A4531 /* CustomZFPlayerControlView.m in Sources */,
				C595BA9925864011002A4531 /* UIView+Extras.m in Sources */,
				C5D6C2B42585D4C700029AFF /* CADisplayLink_TimerManager.m in Sources */,
				C595CE232586475C002A4531 /* JobsBitsMonitorSuspendLab.m in Sources */,
				C595BA9525864011002A4531 /* UIView+Measure.m in Sources */,
				C5D6C1A92585D2AA00029AFF /* JobsBitsMonitorCore.m in Sources */,
				C59A3C6D2586390600D9D228 /* SuspendBtn.m in Sources */,
				C5D6C2B22585D4C700029AFF /* GCD_TimerManager.m in Sources */,
				C590AA4B2585C547008A17D9 /* ViewController.m in Sources */,
				C5D6D758258602D200029AFF /* NSObject+Time.m in Sources */,
				C5D1BDB8258B1ED100784D2F /* UIView+EmptyData.m in Sources */,
				C590AA452585C547008A17D9 /* AppDelegate.m in Sources */,
				C59A3C6E2586390700D9D228 /* SuspendLab.m in Sources */,
				C5D6D757258602D200029AFF /* TimeModel.m in Sources */,
				C595BA9725864011002A4531 /* UIView+Chain.m in Sources */,
				C590AA482585C547008A17D9 /* SceneDelegate.m in Sources */,
			);
			runOnlyForDeploymentPostprocessing = 0;
		};
		C590AA5A2585C548008A17D9 /* Sources */ = {
			isa = PBXSourcesBuildPhase;
			buildActionMask = 2147483647;
			files = (
				C590AA632585C548008A17D9 /* JobsBitsMonitorTests.m in Sources */,
			);
			runOnlyForDeploymentPostprocessing = 0;
		};
		C590AA652585C548008A17D9 /* Sources */ = {
			isa = PBXSourcesBuildPhase;
			buildActionMask = 2147483647;
			files = (
				C590AA6E2585C548008A17D9 /* JobsBitsMonitorUITests.m in Sources */,
			);
			runOnlyForDeploymentPostprocessing = 0;
		};
/* End PBXSourcesBuildPhase section */

/* Begin PBXTargetDependency section */
		C590AA602585C548008A17D9 /* PBXTargetDependency */ = {
			isa = PBXTargetDependency;
			target = C590AA3F2585C547008A17D9 /* JobsBitsMonitor */;
			targetProxy = C590AA5F2585C548008A17D9 /* PBXContainerItemProxy */;
		};
		C590AA6B2585C548008A17D9 /* PBXTargetDependency */ = {
			isa = PBXTargetDependency;
			target = C590AA3F2585C547008A17D9 /* JobsBitsMonitor */;
			targetProxy = C590AA6A2585C548008A17D9 /* PBXContainerItemProxy */;
		};
/* End PBXTargetDependency section */

/* Begin PBXVariantGroup section */
		C590AA4C2585C547008A17D9 /* Main.storyboard */ = {
			isa = PBXVariantGroup;
			children = (
				C590AA4D2585C547008A17D9 /* Base */,
			);
			name = Main.storyboard;
			sourceTree = "<group>";
		};
		C590AA542585C548008A17D9 /* LaunchScreen.storyboard */ = {
			isa = PBXVariantGroup;
			children = (
				C590AA552585C548008A17D9 /* Base */,
			);
			name = LaunchScreen.storyboard;
			sourceTree = "<group>";
		};
/* End PBXVariantGroup section */

/* Begin XCBuildConfiguration section */
		C590AA702585C548008A17D9 /* Debug */ = {
			isa = XCBuildConfiguration;
			buildSettings = {
				ALWAYS_SEARCH_USER_PATHS = NO;
				CLANG_ANALYZER_NONNULL = YES;
				CLANG_ANALYZER_NUMBER_OBJECT_CONVERSION = YES_AGGRESSIVE;
				CLANG_CXX_LANGUAGE_STANDARD = "gnu++14";
				CLANG_CXX_LIBRARY = "libc++";
				CLANG_ENABLE_MODULES = YES;
				CLANG_ENABLE_OBJC_ARC = YES;
				CLANG_ENABLE_OBJC_WEAK = YES;
				CLANG_WARN_BLOCK_CAPTURE_AUTORELEASING = YES;
				CLANG_WARN_BOOL_CONVERSION = YES;
				CLANG_WARN_COMMA = YES;
				CLANG_WARN_CONSTANT_CONVERSION = YES;
				CLANG_WARN_DEPRECATED_OBJC_IMPLEMENTATIONS = YES;
				CLANG_WARN_DIRECT_OBJC_ISA_USAGE = YES_ERROR;
				CLANG_WARN_DOCUMENTATION_COMMENTS = YES;
				CLANG_WARN_EMPTY_BODY = YES;
				CLANG_WARN_ENUM_CONVERSION = YES;
				CLANG_WARN_INFINITE_RECURSION = YES;
				CLANG_WARN_INT_CONVERSION = YES;
				CLANG_WARN_NON_LITERAL_NULL_CONVERSION = YES;
				CLANG_WARN_OBJC_IMPLICIT_RETAIN_SELF = YES;
				CLANG_WARN_OBJC_LITERAL_CONVERSION = YES;
				CLANG_WARN_OBJC_ROOT_CLASS = YES_ERROR;
				CLANG_WARN_QUOTED_INCLUDE_IN_FRAMEWORK_HEADER = YES;
				CLANG_WARN_RANGE_LOOP_ANALYSIS = YES;
				CLANG_WARN_STRICT_PROTOTYPES = YES;
				CLANG_WARN_SUSPICIOUS_MOVE = YES;
				CLANG_WARN_UNGUARDED_AVAILABILITY = YES_AGGRESSIVE;
				CLANG_WARN_UNREACHABLE_CODE = YES;
				CLANG_WARN__DUPLICATE_METHOD_MATCH = YES;
				COPY_PHASE_STRIP = NO;
				DEBUG_INFORMATION_FORMAT = dwarf;
				ENABLE_STRICT_OBJC_MSGSEND = YES;
				ENABLE_TESTABILITY = YES;
				GCC_C_LANGUAGE_STANDARD = gnu11;
				GCC_DYNAMIC_NO_PIC = NO;
				GCC_NO_COMMON_BLOCKS = YES;
				GCC_OPTIMIZATION_LEVEL = 0;
				GCC_PREPROCESSOR_DEFINITIONS = (
					"DEBUG=1",
					"$(inherited)",
				);
				GCC_WARN_64_TO_32_BIT_CONVERSION = YES;
				GCC_WARN_ABOUT_RETURN_TYPE = YES_ERROR;
				GCC_WARN_UNDECLARED_SELECTOR = YES;
				GCC_WARN_UNINITIALIZED_AUTOS = YES_AGGRESSIVE;
				GCC_WARN_UNUSED_FUNCTION = YES;
				GCC_WARN_UNUSED_VARIABLE = YES;
				IPHONEOS_DEPLOYMENT_TARGET = 14.2;
				MTL_ENABLE_DEBUG_INFO = INCLUDE_SOURCE;
				MTL_FAST_MATH = YES;
				ONLY_ACTIVE_ARCH = YES;
				SDKROOT = iphoneos;
			};
			name = Debug;
		};
		C590AA712585C548008A17D9 /* Release */ = {
			isa = XCBuildConfiguration;
			buildSettings = {
				ALWAYS_SEARCH_USER_PATHS = NO;
				CLANG_ANALYZER_NONNULL = YES;
				CLANG_ANALYZER_NUMBER_OBJECT_CONVERSION = YES_AGGRESSIVE;
				CLANG_CXX_LANGUAGE_STANDARD = "gnu++14";
				CLANG_CXX_LIBRARY = "libc++";
				CLANG_ENABLE_MODULES = YES;
				CLANG_ENABLE_OBJC_ARC = YES;
				CLANG_ENABLE_OBJC_WEAK = YES;
				CLANG_WARN_BLOCK_CAPTURE_AUTORELEASING = YES;
				CLANG_WARN_BOOL_CONVERSION = YES;
				CLANG_WARN_COMMA = YES;
				CLANG_WARN_CONSTANT_CONVERSION = YES;
				CLANG_WARN_DEPRECATED_OBJC_IMPLEMENTATIONS = YES;
				CLANG_WARN_DIRECT_OBJC_ISA_USAGE = YES_ERROR;
				CLANG_WARN_DOCUMENTATION_COMMENTS = YES;
				CLANG_WARN_EMPTY_BODY = YES;
				CLANG_WARN_ENUM_CONVERSION = YES;
				CLANG_WARN_INFINITE_RECURSION = YES;
				CLANG_WARN_INT_CONVERSION = YES;
				CLANG_WARN_NON_LITERAL_NULL_CONVERSION = YES;
				CLANG_WARN_OBJC_IMPLICIT_RETAIN_SELF = YES;
				CLANG_WARN_OBJC_LITERAL_CONVERSION = YES;
				CLANG_WARN_OBJC_ROOT_CLASS = YES_ERROR;
				CLANG_WARN_QUOTED_INCLUDE_IN_FRAMEWORK_HEADER = YES;
				CLANG_WARN_RANGE_LOOP_ANALYSIS = YES;
				CLANG_WARN_STRICT_PROTOTYPES = YES;
				CLANG_WARN_SUSPICIOUS_MOVE = YES;
				CLANG_WARN_UNGUARDED_AVAILABILITY = YES_AGGRESSIVE;
				CLANG_WARN_UNREACHABLE_CODE = YES;
				CLANG_WARN__DUPLICATE_METHOD_MATCH = YES;
				COPY_PHASE_STRIP = NO;
				DEBUG_INFORMATION_FORMAT = "dwarf-with-dsym";
				ENABLE_NS_ASSERTIONS = NO;
				ENABLE_STRICT_OBJC_MSGSEND = YES;
				GCC_C_LANGUAGE_STANDARD = gnu11;
				GCC_NO_COMMON_BLOCKS = YES;
				GCC_WARN_64_TO_32_BIT_CONVERSION = YES;
				GCC_WARN_ABOUT_RETURN_TYPE = YES_ERROR;
				GCC_WARN_UNDECLARED_SELECTOR = YES;
				GCC_WARN_UNINITIALIZED_AUTOS = YES_AGGRESSIVE;
				GCC_WARN_UNUSED_FUNCTION = YES;
				GCC_WARN_UNUSED_VARIABLE = YES;
				IPHONEOS_DEPLOYMENT_TARGET = 14.2;
				MTL_ENABLE_DEBUG_INFO = NO;
				MTL_FAST_MATH = YES;
				SDKROOT = iphoneos;
				VALIDATE_PRODUCT = YES;
			};
			name = Release;
		};
		C590AA732585C548008A17D9 /* Debug */ = {
			isa = XCBuildConfiguration;
			baseConfigurationReference = CB949FB605E0C8996458C770 /* Pods-JobsBitsMonitor.debug.xcconfig */;
			buildSettings = {
				ASSETCATALOG_COMPILER_APPICON_NAME = AppIcon;
				ASSETCATALOG_COMPILER_GLOBAL_ACCENT_COLOR_NAME = AccentColor;
				CLANG_ENABLE_MODULES = YES;
				CODE_SIGN_STYLE = Automatic;
				DEVELOPMENT_TEAM = K92UCMVH8G;
				GCC_PREFIX_HEADER = "$(PROJECT_DIR)/$(PROJECT_NAME)/🌹Macro/PrefixHeader.pch";
				INFOPLIST_FILE = JobsBitsMonitor/Info.plist;
				LD_RUNPATH_SEARCH_PATHS = (
					"$(inherited)",
					"@executable_path/Frameworks",
				);
				PRODUCT_BUNDLE_IDENTIFIER = com.JobsBitsMonitor.JobsBitsMonitor;
				PRODUCT_NAME = "$(TARGET_NAME)";
				SWIFT_OBJC_BRIDGING_HEADER = "JobsBitsMonitor/🌹Macro/Swift-OC桥接头文件/JobsBitsMonitor-Bridging-Header.h";
				SWIFT_OPTIMIZATION_LEVEL = "-Onone";
				SWIFT_VERSION = 5.0;
				TARGETED_DEVICE_FAMILY = "1,2";
			};
			name = Debug;
		};
		C590AA742585C548008A17D9 /* Release */ = {
			isa = XCBuildConfiguration;
			baseConfigurationReference = 523E17B989D65E34027BCD3F /* Pods-JobsBitsMonitor.release.xcconfig */;
			buildSettings = {
				ASSETCATALOG_COMPILER_APPICON_NAME = AppIcon;
				ASSETCATALOG_COMPILER_GLOBAL_ACCENT_COLOR_NAME = AccentColor;
				CLANG_ENABLE_MODULES = YES;
				CODE_SIGN_STYLE = Automatic;
				DEVELOPMENT_TEAM = K92UCMVH8G;
				GCC_PREFIX_HEADER = "$(PROJECT_DIR)/$(PROJECT_NAME)/🌹Macro/PrefixHeader.pch";
				INFOPLIST_FILE = JobsBitsMonitor/Info.plist;
				LD_RUNPATH_SEARCH_PATHS = (
					"$(inherited)",
					"@executable_path/Frameworks",
				);
				PRODUCT_BUNDLE_IDENTIFIER = com.JobsBitsMonitor.JobsBitsMonitor;
				PRODUCT_NAME = "$(TARGET_NAME)";
				SWIFT_OBJC_BRIDGING_HEADER = "JobsBitsMonitor/🌹Macro/Swift-OC桥接头文件/JobsBitsMonitor-Bridging-Header.h";
				SWIFT_VERSION = 5.0;
				TARGETED_DEVICE_FAMILY = "1,2";
			};
			name = Release;
		};
		C590AA762585C548008A17D9 /* Debug */ = {
			isa = XCBuildConfiguration;
			baseConfigurationReference = D1967B071B3023B2566FEF44 /* Pods-JobsBitsMonitorTests.debug.xcconfig */;
			buildSettings = {
				BUNDLE_LOADER = "$(TEST_HOST)";
				CODE_SIGN_STYLE = Automatic;
				DEVELOPMENT_TEAM = K92UCMVH8G;
				INFOPLIST_FILE = JobsBitsMonitorTests/Info.plist;
				IPHONEOS_DEPLOYMENT_TARGET = 14.2;
				LD_RUNPATH_SEARCH_PATHS = (
					"$(inherited)",
					"@executable_path/Frameworks",
					"@loader_path/Frameworks",
				);
				PRODUCT_BUNDLE_IDENTIFIER = com.JobsBitsMonitor.JobsBitsMonitorTests;
				PRODUCT_NAME = "$(TARGET_NAME)";
				TARGETED_DEVICE_FAMILY = "1,2";
				TEST_HOST = "$(BUILT_PRODUCTS_DIR)/JobsBitsMonitor.app/JobsBitsMonitor";
			};
			name = Debug;
		};
		C590AA772585C548008A17D9 /* Release */ = {
			isa = XCBuildConfiguration;
			baseConfigurationReference = C3638E0346A1F1904B51DFB9 /* Pods-JobsBitsMonitorTests.release.xcconfig */;
			buildSettings = {
				BUNDLE_LOADER = "$(TEST_HOST)";
				CODE_SIGN_STYLE = Automatic;
				DEVELOPMENT_TEAM = K92UCMVH8G;
				INFOPLIST_FILE = JobsBitsMonitorTests/Info.plist;
				IPHONEOS_DEPLOYMENT_TARGET = 14.2;
				LD_RUNPATH_SEARCH_PATHS = (
					"$(inherited)",
					"@executable_path/Frameworks",
					"@loader_path/Frameworks",
				);
				PRODUCT_BUNDLE_IDENTIFIER = com.JobsBitsMonitor.JobsBitsMonitorTests;
				PRODUCT_NAME = "$(TARGET_NAME)";
				TARGETED_DEVICE_FAMILY = "1,2";
				TEST_HOST = "$(BUILT_PRODUCTS_DIR)/JobsBitsMonitor.app/JobsBitsMonitor";
			};
			name = Release;
		};
		C590AA792585C548008A17D9 /* Debug */ = {
			isa = XCBuildConfiguration;
			baseConfigurationReference = 09B47DC474E32ABB5E27CFB7 /* Pods-JobsBitsMonitorUITests.debug.xcconfig */;
			buildSettings = {
				CODE_SIGN_STYLE = Automatic;
				DEVELOPMENT_TEAM = K92UCMVH8G;
				INFOPLIST_FILE = JobsBitsMonitorUITests/Info.plist;
				LD_RUNPATH_SEARCH_PATHS = (
					"$(inherited)",
					"@executable_path/Frameworks",
					"@loader_path/Frameworks",
				);
				PRODUCT_BUNDLE_IDENTIFIER = com.JobsBitsMonitor.JobsBitsMonitorUITests;
				PRODUCT_NAME = "$(TARGET_NAME)";
				TARGETED_DEVICE_FAMILY = "1,2";
				TEST_TARGET_NAME = JobsBitsMonitor;
			};
			name = Debug;
		};
		C590AA7A2585C548008A17D9 /* Release */ = {
			isa = XCBuildConfiguration;
			baseConfigurationReference = 01915E04C894D128C1D0B94F /* Pods-JobsBitsMonitorUITests.release.xcconfig */;
			buildSettings = {
				CODE_SIGN_STYLE = Automatic;
				DEVELOPMENT_TEAM = K92UCMVH8G;
				INFOPLIST_FILE = JobsBitsMonitorUITests/Info.plist;
				LD_RUNPATH_SEARCH_PATHS = (
					"$(inherited)",
					"@executable_path/Frameworks",
					"@loader_path/Frameworks",
				);
				PRODUCT_BUNDLE_IDENTIFIER = com.JobsBitsMonitor.JobsBitsMonitorUITests;
				PRODUCT_NAME = "$(TARGET_NAME)";
				TARGETED_DEVICE_FAMILY = "1,2";
				TEST_TARGET_NAME = JobsBitsMonitor;
			};
			name = Release;
		};
/* End XCBuildConfiguration section */

/* Begin XCConfigurationList section */
		C590AA3B2585C547008A17D9 /* Build configuration list for PBXProject "JobsBitsMonitor" */ = {
			isa = XCConfigurationList;
			buildConfigurations = (
				C590AA702585C548008A17D9 /* Debug */,
				C590AA712585C548008A17D9 /* Release */,
			);
			defaultConfigurationIsVisible = 0;
			defaultConfigurationName = Release;
		};
		C590AA722585C548008A17D9 /* Build configuration list for PBXNativeTarget "JobsBitsMonitor" */ = {
			isa = XCConfigurationList;
			buildConfigurations = (
				C590AA732585C548008A17D9 /* Debug */,
				C590AA742585C548008A17D9 /* Release */,
			);
			defaultConfigurationIsVisible = 0;
			defaultConfigurationName = Release;
		};
		C590AA752585C548008A17D9 /* Build configuration list for PBXNativeTarget "JobsBitsMonitorTests" */ = {
			isa = XCConfigurationList;
			buildConfigurations = (
				C590AA762585C548008A17D9 /* Debug */,
				C590AA772585C548008A17D9 /* Release */,
			);
			defaultConfigurationIsVisible = 0;
			defaultConfigurationName = Release;
		};
		C590AA782585C548008A17D9 /* Build configuration list for PBXNativeTarget "JobsBitsMonitorUITests" */ = {
			isa = XCConfigurationList;
			buildConfigurations = (
				C590AA792585C548008A17D9 /* Debug */,
				C590AA7A2585C548008A17D9 /* Release */,
			);
			defaultConfigurationIsVisible = 0;
			defaultConfigurationName = Release;
		};
/* End XCConfigurationList section */

/* Begin XCVersionGroup section */
		C590AA4F2585C547008A17D9 /* JobsBitsMonitor.xcdatamodeld */ = {
			isa = XCVersionGroup;
			children = (
				C590AA502585C547008A17D9 /* JobsBitsMonitor.xcdatamodel */,
			);
			currentVersion = C590AA502585C547008A17D9 /* JobsBitsMonitor.xcdatamodel */;
			path = JobsBitsMonitor.xcdatamodeld;
			sourceTree = "<group>";
			versionGroupType = wrapper.xcdatamodel;
		};
/* End XCVersionGroup section */
	};
	rootObject = C590AA382585C547008A17D9 /* Project object */;
}
